
Microsoft Visual Studio Solution File, Format Version 12.00
# Visual Studio 2013
Project("{FAE04EC0-301F-11D3-BF4B-00C04F79EFBC}") = "UnityVS.2DArenaFighterr.CSharp", "UnityVS.2DArenaFighterr.CSharp.csproj", "{704314A7-B727-8466-D881-ECFC9D5EC34F}"
EndProject
Project("{FAE04EC0-301F-11D3-BF4B-00C04F79EFBC}") = "UnityVS.2DArenaFighterr.CSharp.Editor", "UnityVS.2DArenaFighterr.CSharp.Editor.csproj", "{C28421F9-9C90-8CE5-8CAF-94BF9750F27A}"
EndProject
Global
	GlobalSection(SolutionConfigurationPlatforms) = preSolution
		Debug|Any CPU = Debug|Any CPU
		Release|Any CPU = Release|Any CPU
	EndGlobalSection
	GlobalSection(ProjectConfigurationPlatforms) = postSolution
		{704314A7-B727-8466-D881-ECFC9D5EC34F}.Debug|Any CPU.ActiveCfg = Debug|Any CPU
		{704314A7-B727-8466-D881-ECFC9D5EC34F}.Debug|Any CPU.Build.0 = Debug|Any CPU
		{704314A7-B727-8466-D881-ECFC9D5EC34F}.Release|Any CPU.ActiveCfg = Release|Any CPU
		{704314A7-B727-8466-D881-ECFC9D5EC34F}.Release|Any CPU.Build.0 = Release|Any CPU
		{C28421F9-9C90-8CE5-8CAF-94BF9750F27A}.Debug|Any CPU.ActiveCfg = Debug|Any CPU
		{C28421F9-9C90-8CE5-8CAF-94BF9750F27A}.Debug|Any CPU.Build.0 = Debug|Any CPU
		{C28421F9-9C90-8CE5-8CAF-94BF9750F27A}.Release|Any CPU.ActiveCfg = Release|Any CPU
		{C28421F9-9C90-8CE5-8CAF-94BF9750F27A}.Release|Any CPU.Build.0 = Release|Any CPU
	EndGlobalSection
	GlobalSection(SolutionProperties) = preSolution
		HideSolutionNode = FALSE
	EndGlobalSection
EndGlobal
